Microsoft Visual Studio Solution File, Format Version 12.00
# Visual Studio Version 17
VisualStudioVersion = 17.11.35219.272
MinimumVisualStudioVersion = 10.0.40219.1
Project("{9A19103F-16F7-4668-BE54-9A1E7A4F7556}") = "AspireApp1.AppHost", "AspireApp1.AppHost\AspireApp1.AppHost.csproj", "{56607A93-ECCD-4F43-90F4-0CC1277B2EC9}"
EndProject
Project("{9A19103F-16F7-4668-BE54-9A1E7A4F7556}") = "AspireApp1.ServiceDefaults", "AspireApp1.ServiceDefaults\AspireApp1.ServiceDefaults.csproj", "{6FBAC04E-3A07-43A0-A00E-22D4F941ADEF}"
EndProject
Project("{9A19103F-16F7-4668-BE54-9A1E7A4F7556}") = "AspireApp1.ApiService", "AspireApp1.ApiService\AspireApp1.ApiService.csproj", "{D432E341-9CC4-4256-99C5-F9422001CFAB}"
EndProject
Project("{9A19103F-16F7-4668-BE54-9A1E7A4F7556}") = "AspireApp1.Web", "AspireApp1.Web\AspireApp1.Web.csproj", "{A288D734-8E71-416C-B9DA-F760934C2259}"
EndProject
Global
	GlobalSection(SolutionConfigurationPlatforms) = preSolution
		Debug|Any CPU = Debug|Any CPU
		Release|Any CPU = Release|Any CPU
	EndGlobalSection
	GlobalSection(ProjectConfigurationPlatforms) = postSolution
		{56607A93-ECCD-4F43-90F4-0CC1277B2EC9}.Debug|Any CPU.ActiveCfg = Debug|Any CPU
		{56607A93-ECCD-4F43-90F4-0CC1277B2EC9}.Debug|Any CPU.Build.0 = Debug|Any CPU
		{56607A93-ECCD-4F43-90F4-0CC1277B2EC9}.Release|Any CPU.ActiveCfg = Release|Any CPU
		{56607A93-ECCD-4F43-90F4-0CC1277B2EC9}.Release|Any CPU.Build.0 = Release|Any CPU
		{6FBAC04E-3A07-43A0-A00E-22D4F941ADEF}.Debug|Any CPU.ActiveCfg = Debug|Any CPU
		{6FBAC04E-3A07-43A0-A00E-22D4F941ADEF}.Debug|Any CPU.Build.0 = Debug|Any CPU
		{6FBAC04E-3A07-43A0-A00E-22D4F941ADEF}.Release|Any CPU.ActiveCfg = Release|Any CPU
		{6FBAC04E-3A07-43A0-A00E-22D4F941ADEF}.Release|Any CPU.Build.0 = Release|Any CPU
		{D432E341-9CC4-4256-99C5-F9422001CFAB}.Debug|Any CPU.ActiveCfg = Debug|Any CPU
		{D432E341-9CC4-4256-99C5-F9422001CFAB}.Debug|Any CPU.Build.0 = Debug|Any CPU
		{D432E341-9CC4-4256-99C5-F9422001CFAB}.Release|Any CPU.ActiveCfg = Release|Any CPU
		{D432E341-9CC4-4256-99C5-F9422001CFAB}.Release|Any CPU.Build.0 = Release|Any CPU
		{A288D734-8E71-416C-B9DA-F760934C2259}.Debug|Any CPU.ActiveCfg = Debug|Any CPU
		{A288D734-8E71-416C-B9DA-F760934C2259}.Debug|Any CPU.Build.0 = Debug|Any CPU
		{A288D734-8E71-416C-B9DA-F760934C2259}.Release|Any CPU.ActiveCfg = Release|Any CPU
		{A288D734-8E71-416C-B9DA-F760934C2259}.Release|Any CPU.Build.0 = Release|Any CPU
	EndGlobalSection
	GlobalSection(SolutionProperties) = preSolution
		HideSolutionNode = FALSE
	EndGlobalSection
	GlobalSection(ExtensibilityGlobals) = postSolution
		SolutionGuid = {A37ADEB7-5CA0-4E49-A58B-0642942C010F}
	EndGlobalSection
EndGlobal
