
Microsoft Visual Studio Solution File, Format Version 12.00
# Visual Studio Version 17
VisualStudioVersion = 17.11.35219.272
MinimumVisualStudioVersion = 10.0.40219.1
Project("{9A19103F-16F7-4668-BE54-9A1E7A4F7556}") = "NorthernNerds.Aspire.Neo4j", "NorthernNerds.Aspire.Neo4j\NorthernNerds.Aspire.Neo4j.csproj", "{69FB0CF5-7ED4-4938-A153-D5B3AB4FAEB8}"
EndProject
Global
	GlobalSection(SolutionConfigurationPlatforms) = preSolution
		Debug|Any CPU = Debug|Any CPU
		Release|Any CPU = Release|Any CPU
	EndGlobalSection
	GlobalSection(ProjectConfigurationPlatforms) = postSolution
		{69FB0CF5-7ED4-4938-A153-D5B3AB4FAEB8}.Debug|Any CPU.ActiveCfg = Debug|Any CPU
		{69FB0CF5-7ED4-4938-A153-D5B3AB4FAEB8}.Debug|Any CPU.Build.0 = Debug|Any CPU
		{69FB0CF5-7ED4-4938-A153-D5B3AB4FAEB8}.Release|Any CPU.ActiveCfg = Release|Any CPU
		{69FB0CF5-7ED4-4938-A153-D5B3AB4FAEB8}.Release|Any CPU.Build.0 = Release|Any CPU
	EndGlobalSection
	GlobalSection(SolutionProperties) = preSolution
		HideSolutionNode = FALSE
	EndGlobalSection
	GlobalSection(ExtensibilityGlobals) = postSolution
		SolutionGuid = {28422D6D-7180-4C76-ABC3-D5164757FE2B}
	EndGlobalSection
EndGlobal
