
Microsoft Visual Studio Solution File, Format Version 12.00
# Visual Studio Version 17
VisualStudioVersion = 17.11.35219.272
MinimumVisualStudioVersion = 10.0.40219.1
Project("{9A19103F-16F7-4668-BE54-9A1E7A4F7556}") = "NorthernNerds.Aspire.Neo4j", "NorthernNerds.Aspire.Neo4j.csproj", "{5596B60C-9C8F-4402-B89B-F8A45EEF792B}"
EndProject
Global
	GlobalSection(SolutionConfigurationPlatforms) = preSolution
		Debug|Any CPU = Debug|Any CPU
		Release|Any CPU = Release|Any CPU
	EndGlobalSection
	GlobalSection(ProjectConfigurationPlatforms) = postSolution
		{5596B60C-9C8F-4402-B89B-F8A45EEF792B}.Debug|Any CPU.ActiveCfg = Debug|Any CPU
		{5596B60C-9C8F-4402-B89B-F8A45EEF792B}.Debug|Any CPU.Build.0 = Debug|Any CPU
		{5596B60C-9C8F-4402-B89B-F8A45EEF792B}.Release|Any CPU.ActiveCfg = Release|Any CPU
		{5596B60C-9C8F-4402-B89B-F8A45EEF792B}.Release|Any CPU.Build.0 = Release|Any CPU
	EndGlobalSection
	GlobalSection(SolutionProperties) = preSolution
		HideSolutionNode = FALSE
	EndGlobalSection
	GlobalSection(ExtensibilityGlobals) = postSolution
		SolutionGuid = {5D98C78F-27D6-40D7-B32B-CCD129FA8D8C}
	EndGlobalSection
EndGlobal
