
Microsoft Visual Studio Solution File, Format Version 12.00
# Visual Studio Version 17
VisualStudioVersion = 17.11.35219.272
MinimumVisualStudioVersion = 10.0.40219.1
Project("{FAE04EC0-301F-11D3-BF4B-00C04F79EFBC}") = "NorthernNerds.Aspire.Neo4j", "Client\NorthernNerds.Aspire.Neo4j.csproj", "{16AE05FB-C7D1-49E0-825B-60547E5FB545}"
EndProject
Project("{FAE04EC0-301F-11D3-BF4B-00C04F79EFBC}") = "NorthernNerds.Aspire.Hosting.Neo4j", "Hosting\NorthernNerds.Aspire.Hosting.Neo4j.csproj", "{24FE9D10-793B-4C78-B913-D5423DA627DF}"
EndProject
Global
	GlobalSection(SolutionConfigurationPlatforms) = preSolution
		Debug|Any CPU = Debug|Any CPU
		Release|Any CPU = Release|Any CPU
	EndGlobalSection
	GlobalSection(ProjectConfigurationPlatforms) = postSolution
		{16AE05FB-C7D1-49E0-825B-60547E5FB545}.Debug|Any CPU.ActiveCfg = Debug|Any CPU
		{16AE05FB-C7D1-49E0-825B-60547E5FB545}.Debug|Any CPU.Build.0 = Debug|Any CPU
		{16AE05FB-C7D1-49E0-825B-60547E5FB545}.Release|Any CPU.ActiveCfg = Release|Any CPU
		{16AE05FB-C7D1-49E0-825B-60547E5FB545}.Release|Any CPU.Build.0 = Release|Any CPU
		{24FE9D10-793B-4C78-B913-D5423DA627DF}.Debug|Any CPU.ActiveCfg = Debug|Any CPU
		{24FE9D10-793B-4C78-B913-D5423DA627DF}.Debug|Any CPU.Build.0 = Debug|Any CPU
		{24FE9D10-793B-4C78-B913-D5423DA627DF}.Release|Any CPU.ActiveCfg = Release|Any CPU
		{24FE9D10-793B-4C78-B913-D5423DA627DF}.Release|Any CPU.Build.0 = Release|Any CPU
	EndGlobalSection
	GlobalSection(SolutionProperties) = preSolution
		HideSolutionNode = FALSE
	EndGlobalSection
	GlobalSection(ExtensibilityGlobals) = postSolution
		SolutionGuid = {5D98C78F-27D6-40D7-B32B-CCD129FA8D8C}
	EndGlobalSection
EndGlobal
